# THIS IS AN AUTOGENERATED FILE. DO NOT EDIT THIS FILE DIRECTLY.
# yarn lockfile v1


"@types/stylis@^4.0.1":
  version "4.0.1"
  resolved "https://registry.yarnpkg.com/@types/stylis/-/stylis-4.0.1.tgz#ed14588039b713fc3183cfa0e95033e86e5e1aa2"
  integrity sha512-tMMy2pb95ZvBrvrNhZDj6fsU1SpR97BYeoS798IRCzKLqWY0bh0rtg9G6knNtiUD6Pij1PoafHYjVCbspKenOA==

esbuild@^0.12.15:
  version "0.12.15"
  resolved "https://registry.yarnpkg.com/esbuild/-/esbuild-0.12.15.tgz#9d99cf39aeb2188265c5983e983e236829f08af0"
  integrity sha512-72V4JNd2+48eOVCXx49xoSWHgC3/cCy96e7mbXKY+WOWghN00cCmlGnwVLRhRHorvv0dgCyuMYBZlM2xDM5OQw==

petite-vue@^0.2.3:
  version "0.2.3"
  resolved "https://registry.yarnpkg.com/petite-vue/-/petite-vue-0.2.3.tgz#e434a69fe22d170e553528dfbf17f4905421ab44"
  integrity sha512-fskhP2iG0yo2ZQ9e1pX/6htmN/14p80Oc5A9ommiTbt+U2lqTDZHu9DmGzjqfLdyuX+QTv9pCrYzim0AFu4Zww==

servor@^4.0.2:
  version "4.0.2"
  resolved "https://registry.yarnpkg.com/servor/-/servor-4.0.2.tgz#6d5e5c61fbb3d6f4bde72995dbe6745829395971"
  integrity sha512-MlmQ5Ntv4jDYUN060x/KEmN7emvIqKMZ9OkM+nY8Bf2+KkyLmGsTqWLyAN2cZr5oESAcH00UanUyyrlS1LRjFw==

stylis@^4.0.10:
  version "4.0.10"
  resolved "https://registry.yarnpkg.com/stylis/-/stylis-4.0.10.tgz#446512d1097197ab3f02fb3c258358c3f7a14240"
  integrity sha512-m3k+dk7QeJw660eIKRRn3xPF6uuvHs/FFzjX3HQ5ove0qYsiygoAhwn5a3IYKaZPo5LrYD0rfVmtv1gNY1uYwg==

tslib@^2.3.0:
  version "2.3.0"
  resolved "https://registry.yarnpkg.com/tslib/-/tslib-2.3.0.tgz#803b8cdab3e12ba581a4ca41c8839bbb0dacb09e"
  integrity sha512-N82ooyxVNm6h1riLCoyS9e3fuJ3AMG2zIZs2Gd1ATcSFjSA23Q0fzjjZeh0jbJvWVDZ0cJT8yaNNaaXHzueNjg==
